
Microsoft Visual Studio Solution File, Format Version 12.00
# Visual Studio Version 17
VisualStudioVersion = 17.9.34622.214
MinimumVisualStudioVersion = 10.0.40219.1
Project("{FAE04EC0-301F-11D3-BF4B-00C04F79EFBC}") = "Employee.UI", "Employee.UI\Employee.UI.csproj", "{AB2FAF2A-DDA7-4FD9-AB6E-7B2F268466D2}"
EndProject
Project("{FAE04EC0-301F-11D3-BF4B-00C04F79EFBC}") = "Employee.Data", "Employee.Data\Employee.Data.csproj", "{81212DE5-E80A-4D08-ABB8-C0E20DA5EADB}"
EndProject
Global
	GlobalSection(SolutionConfigurationPlatforms) = preSolution
		Debug|Any CPU = Debug|Any CPU
		Release|Any CPU = Release|Any CPU
	EndGlobalSection
	GlobalSection(ProjectConfigurationPlatforms) = postSolution
		{AB2FAF2A-DDA7-4FD9-AB6E-7B2F268466D2}.Debug|Any CPU.ActiveCfg = Debug|Any CPU
		{AB2FAF2A-DDA7-4FD9-AB6E-7B2F268466D2}.Debug|Any CPU.Build.0 = Debug|Any CPU
		{AB2FAF2A-DDA7-4FD9-AB6E-7B2F268466D2}.Release|Any CPU.ActiveCfg = Release|Any CPU
		{AB2FAF2A-DDA7-4FD9-AB6E-7B2F268466D2}.Release|Any CPU.Build.0 = Release|Any CPU
		{81212DE5-E80A-4D08-ABB8-C0E20DA5EADB}.Debug|Any CPU.ActiveCfg = Debug|Any CPU
		{81212DE5-E80A-4D08-ABB8-C0E20DA5EADB}.Debug|Any CPU.Build.0 = Debug|Any CPU
		{81212DE5-E80A-4D08-ABB8-C0E20DA5EADB}.Release|Any CPU.ActiveCfg = Release|Any CPU
		{81212DE5-E80A-4D08-ABB8-C0E20DA5EADB}.Release|Any CPU.Build.0 = Release|Any CPU
	EndGlobalSection
	GlobalSection(SolutionProperties) = preSolution
		HideSolutionNode = FALSE
	EndGlobalSection
	GlobalSection(ExtensibilityGlobals) = postSolution
		SolutionGuid = {61BC70D9-1DA1-4FA9-B4C8-C93B4D521CF9}
	EndGlobalSection
EndGlobal
